
Microsoft Visual Studio Solution File, Format Version 12.00
# Visual Studio Version 17
VisualStudioVersion = 17.0.31611.283
MinimumVisualStudioVersion = 10.0.40219.1
Project("{9A19103F-16F7-4668-BE54-9A1E7A4F7556}") = "ColorMaker.MAUI", "ColorMaker.MAUI\ColorMaker.MAUI.csproj", "{789B1392-8869-4F02-8D4E-C6C67CF5E3A6}"
EndProject
Project("{9A19103F-16F7-4668-BE54-9A1E7A4F7556}") = "PerfectPay.MAUI", "PerfectPay.MAUI\PerfectPay.MAUI.csproj", "{3C4688E1-5F14-4896-B271-D6674ADA31B3}"
EndProject
Global
	GlobalSection(SolutionConfigurationPlatforms) = preSolution
		Debug|Any CPU = Debug|Any CPU
		Release|Any CPU = Release|Any CPU
	EndGlobalSection
	GlobalSection(ProjectConfigurationPlatforms) = postSolution
		{789B1392-8869-4F02-8D4E-C6C67CF5E3A6}.Debug|Any CPU.ActiveCfg = Debug|Any CPU
		{789B1392-8869-4F02-8D4E-C6C67CF5E3A6}.Debug|Any CPU.Build.0 = Debug|Any CPU
		{789B1392-8869-4F02-8D4E-C6C67CF5E3A6}.Debug|Any CPU.Deploy.0 = Debug|Any CPU
		{789B1392-8869-4F02-8D4E-C6C67CF5E3A6}.Release|Any CPU.ActiveCfg = Release|Any CPU
		{789B1392-8869-4F02-8D4E-C6C67CF5E3A6}.Release|Any CPU.Build.0 = Release|Any CPU
		{789B1392-8869-4F02-8D4E-C6C67CF5E3A6}.Release|Any CPU.Deploy.0 = Release|Any CPU
		{3C4688E1-5F14-4896-B271-D6674ADA31B3}.Debug|Any CPU.ActiveCfg = Debug|Any CPU
		{3C4688E1-5F14-4896-B271-D6674ADA31B3}.Debug|Any CPU.Build.0 = Debug|Any CPU
		{3C4688E1-5F14-4896-B271-D6674ADA31B3}.Debug|Any CPU.Deploy.0 = Debug|Any CPU
		{3C4688E1-5F14-4896-B271-D6674ADA31B3}.Release|Any CPU.ActiveCfg = Release|Any CPU
		{3C4688E1-5F14-4896-B271-D6674ADA31B3}.Release|Any CPU.Build.0 = Release|Any CPU
		{3C4688E1-5F14-4896-B271-D6674ADA31B3}.Release|Any CPU.Deploy.0 = Release|Any CPU
	EndGlobalSection
	GlobalSection(SolutionProperties) = preSolution
		HideSolutionNode = FALSE
	EndGlobalSection
	GlobalSection(ExtensibilityGlobals) = postSolution
		SolutionGuid = {61F7FB11-1E47-470C-91E2-47F8143E1572}
	EndGlobalSection
EndGlobal
